{
  "name": "momoke",
  "version": "1.0.0",
  "lockfileVersion": 2,
  "requires": true,
  "packages": {
    "": {
      "version": "1.0.0",
      "license": " Apache-2.0",
      "dependencies": {
        "@prisma/client": "^2.12.1",
        "@types/node": "^14.14.10",
        "dotenv": "^8.2.0"
      },
      "devDependencies": {
        "prisma2": "^2.0.0-preview025",
        "ts-node": "^9.0.0",
        "typescript": "^4.1.2"
      }
    },
    "node_modules/@prisma/bar": {
      "version": "0.0.1",
      "resolved": "https://registry.npm.taobao.org/@prisma/bar/download/@prisma/bar-0.0.1.tgz",
      "integrity": "sha1-CIxPu7ecWIORQ3ren9OoVSfnU7M=",
      "peer": true
    },
    "node_modules/@prisma/cli": {
      "version": "2.12.1",
      "resolved": "https://registry.npm.taobao.org/@prisma/cli/download/@prisma/cli-2.12.1.tgz",
      "integrity": "sha1-H1KrKjY65MyI1NGJM70wTtf4BhI=",
      "peer": true,
      "dependencies": {
        "@prisma/bar": "^0.0.1",
        "@prisma/engines": "2.12.0-18.cf0680a1bfe8d5e743dc659cc7f08009f9587d58"
      },
      "bin": {
        "prisma": "build/index.js",
        "prisma2": "build/index.js"
      },
      "engines": {
        "node": ">=10.4"
      }
    },
    "node_modules/@prisma/client": {
      "version": "2.12.1",
      "resolved": "https://registry.npm.taobao.org/@prisma/client/download/@prisma/client-2.12.1.tgz",
      "integrity": "sha1-/2VcnMEYgDUwPzdNL595S2b8GMc=",
      "dependencies": {
        "@prisma/engines-version": "2.12.0-18.cf0680a1bfe8d5e743dc659cc7f08009f9587d58"
      },
      "engines": {
        "node": ">=10.4"
      },
      "peerDependencies": {
        "@prisma/cli": "*"
      }
    },
    "node_modules/@prisma/engines": {
      "version": "2.12.0-18.cf0680a1bfe8d5e743dc659cc7f08009f9587d58",
      "resolved": "https://registry.npm.taobao.org/@prisma/engines/download/@prisma/engines-2.12.0-18.cf0680a1bfe8d5e743dc659cc7f08009f9587d58.tgz",
      "integrity": "sha1-DiPIEc+i9YZQuzwEOUsawNnax4o=",
      "peer": true
    },
    "node_modules/@prisma/engines-version": {
      "version": "2.12.0-18.cf0680a1bfe8d5e743dc659cc7f08009f9587d58",
      "resolved": "https://registry.npm.taobao.org/@prisma/engines-version/download/@prisma/engines-version-2.12.0-18.cf0680a1bfe8d5e743dc659cc7f08009f9587d58.tgz",
      "integrity": "sha1-Qo+JlviMkqQULjXxllhKXhfJWHE="
    },
    "node_modules/@types/node": {
      "version": "14.14.10",
      "resolved": "https://registry.npm.taobao.org/@types/node/download/@types/node-14.14.10.tgz",
      "integrity": "sha1-WVioLkGGPPxx8jB7N0jjSRugN4U="
    },
    "node_modules/arg": {
      "version": "4.1.3",
      "resolved": "https://registry.npm.taobao.org/arg/download/arg-4.1.3.tgz?cache=0&sync_timestamp=1605575041404&other_urls=https%3A%2F%2Fregistry.npm.taobao.org%2Farg%2Fdownload%2Farg-4.1.3.tgz",
      "integrity": "sha1-Jp/HrVuOQstjyJbVZmAXJhwUQIk=",
      "dev": true
    },
    "node_modules/buffer-from": {
      "version": "1.1.1",
      "resolved": "https://registry.npm.taobao.org/buffer-from/download/buffer-from-1.1.1.tgz",
      "integrity": "sha1-MnE7wCj3XAL9txDXx7zsHyxgcO8=",
      "dev": true
    },
    "node_modules/diff": {
      "version": "4.0.2",
      "resolved": "https://registry.npm.taobao.org/diff/download/diff-4.0.2.tgz?cache=0&other_urls=https%3A%2F%2Fregistry.npm.taobao.org%2Fdiff%2Fdownload%2Fdiff-4.0.2.tgz",
      "integrity": "sha1-YPOuy4nV+uUgwRqhnvwruYKq3n0=",
      "dev": true,
      "engines": {
        "node": ">=0.3.1"
      }
    },
    "node_modules/dotenv": {
      "version": "8.2.0",
      "resolved": "https://registry.npm.taobao.org/dotenv/download/dotenv-8.2.0.tgz",
      "integrity": "sha1-l+YZJZradQ7qPk6j4mvO6lQksWo=",
      "engines": {
        "node": ">=8"
      }
    },
    "node_modules/make-error": {
      "version": "1.3.6",
      "resolved": "https://registry.npm.taobao.org/make-error/download/make-error-1.3.6.tgz",
      "integrity": "sha1-LrLjfqm2fEiR9oShOUeZr0hM96I=",
      "dev": true
    },
    "node_modules/prisma2": {
      "version": "2.0.0-preview025",
      "resolved": "https://registry.npm.taobao.org/prisma2/download/prisma2-2.0.0-preview025.tgz",
      "integrity": "sha1-CbXZeyCUhMGv57C0umS7OTDZZwE=",
      "dev": true
    },
    "node_modules/source-map": {
      "version": "0.6.1",
      "resolved": "https://registry.npm.taobao.org/source-map/download/source-map-0.6.1.tgz",
      "integrity": "sha1-dHIq8y6WFOnCh6jQu95IteLxomM=",
      "dev": true,
      "engines": {
        "node": ">=0.10.0"
      }
    },
    "node_modules/source-map-support": {
      "version": "0.5.19",
      "resolved": "https://registry.npm.taobao.org/source-map-support/download/source-map-support-0.5.19.tgz?cache=0&other_urls=https%3A%2F%2Fregistry.npm.taobao.org%2Fsource-map-support%2Fdownload%2Fsource-map-support-0.5.19.tgz",
      "integrity": "sha1-qYti+G3K9PZzmWSMCFKRq56P7WE=",
      "dev": true,
      "dependencies": {
        "buffer-from": "^1.0.0",
        "source-map": "^0.6.0"
      }
    },
    "node_modules/ts-node": {
      "version": "9.0.0",
      "resolved": "https://registry.npm.taobao.org/ts-node/download/ts-node-9.0.0.tgz?cache=0&sync_timestamp=1599831344051&other_urls=https%3A%2F%2Fregistry.npm.taobao.org%2Fts-node%2Fdownload%2Fts-node-9.0.0.tgz",
      "integrity": "sha1-52mdKhEMyMDTuDFxXkF2iGg0YLM=",
      "dev": true,
      "dependencies": {
        "arg": "^4.1.0",
        "diff": "^4.0.1",
        "make-error": "^1.1.1",
        "source-map-support": "^0.5.17",
        "yn": "3.1.1"
      },
      "bin": {
        "ts-node": "dist/bin.js",
        "ts-node-script": "dist/bin-script.js",
        "ts-node-transpile-only": "dist/bin-transpile.js",
        "ts-script": "dist/bin-script-deprecated.js"
      },
      "engines": {
        "node": ">=10.0.0"
      },
      "peerDependencies": {
        "typescript": ">=2.7"
      }
    },
    "node_modules/typescript": {
      "version": "4.1.2",
      "resolved": "https://registry.npm.taobao.org/typescript/download/typescript-4.1.2.tgz?cache=0&sync_timestamp=1606461978117&other_urls=https%3A%2F%2Fregistry.npm.taobao.org%2Ftypescript%2Fdownload%2Ftypescript-4.1.2.tgz",
      "integrity": "sha1-Y2nvIlFv5eEDBKrlpcSGLbVTgOk=",
      "dev": true,
      "bin": {
        "tsc": "bin/tsc",
        "tsserver": "bin/tsserver"
      },
      "engines": {
        "node": ">=4.2.0"
      }
    },
    "node_modules/yn": {
      "version": "3.1.1",
      "resolved": "https://registry.npm.taobao.org/yn/download/yn-3.1.1.tgz",
      "integrity": "sha1-HodAGgnXZ8HV6rJqbkwYUYLS61A=",
      "dev": true,
      "engines": {
        "node": ">=6"
      }
    }
  },
  "dependencies": {
    "@prisma/bar": {
      "version": "0.0.1",
      "resolved": "https://registry.npm.taobao.org/@prisma/bar/download/@prisma/bar-0.0.1.tgz",
      "integrity": "sha1-CIxPu7ecWIORQ3ren9OoVSfnU7M=",
      "peer": true
    },
    "@prisma/cli": {
      "version": "2.12.1",
      "resolved": "https://registry.npm.taobao.org/@prisma/cli/download/@prisma/cli-2.12.1.tgz",
      "integrity": "sha1-H1KrKjY65MyI1NGJM70wTtf4BhI=",
      "peer": true,
      "requires": {
        "@prisma/bar": "^0.0.1",
        "@prisma/engines": "2.12.0-18.cf0680a1bfe8d5e743dc659cc7f08009f9587d58"
      }
    },
    "@prisma/client": {
      "version": "2.12.1",
      "resolved": "https://registry.npm.taobao.org/@prisma/client/download/@prisma/client-2.12.1.tgz",
      "integrity": "sha1-/2VcnMEYgDUwPzdNL595S2b8GMc=",
      "requires": {
        "@prisma/engines-version": "2.12.0-18.cf0680a1bfe8d5e743dc659cc7f08009f9587d58"
      }
    },
    "@prisma/engines": {
      "version": "2.12.0-18.cf0680a1bfe8d5e743dc659cc7f08009f9587d58",
      "resolved": "https://registry.npm.taobao.org/@prisma/engines/download/@prisma/engines-2.12.0-18.cf0680a1bfe8d5e743dc659cc7f08009f9587d58.tgz",
      "integrity": "sha1-DiPIEc+i9YZQuzwEOUsawNnax4o=",
      "peer": true
    },
    "@prisma/engines-version": {
      "version": "2.12.0-18.cf0680a1bfe8d5e743dc659cc7f08009f9587d58",
      "resolved": "https://registry.npm.taobao.org/@prisma/engines-version/download/@prisma/engines-version-2.12.0-18.cf0680a1bfe8d5e743dc659cc7f08009f9587d58.tgz",
      "integrity": "sha1-Qo+JlviMkqQULjXxllhKXhfJWHE="
    },
    "@types/node": {
      "version": "14.14.10",
      "resolved": "https://registry.npm.taobao.org/@types/node/download/@types/node-14.14.10.tgz",
      "integrity": "sha1-WVioLkGGPPxx8jB7N0jjSRugN4U="
    },
    "arg": {
      "version": "4.1.3",
      "resolved": "https://registry.npm.taobao.org/arg/download/arg-4.1.3.tgz?cache=0&sync_timestamp=1605575041404&other_urls=https%3A%2F%2Fregistry.npm.taobao.org%2Farg%2Fdownload%2Farg-4.1.3.tgz",
      "integrity": "sha1-Jp/HrVuOQstjyJbVZmAXJhwUQIk=",
      "dev": true
    },
    "buffer-from": {
      "version": "1.1.1",
      "resolved": "https://registry.npm.taobao.org/buffer-from/download/buffer-from-1.1.1.tgz",
      "integrity": "sha1-MnE7wCj3XAL9txDXx7zsHyxgcO8=",
      "dev": true
    },
    "diff": {
      "version": "4.0.2",
      "resolved": "https://registry.npm.taobao.org/diff/download/diff-4.0.2.tgz?cache=0&other_urls=https%3A%2F%2Fregistry.npm.taobao.org%2Fdiff%2Fdownload%2Fdiff-4.0.2.tgz",
      "integrity": "sha1-YPOuy4nV+uUgwRqhnvwruYKq3n0=",
      "dev": true
    },
    "dotenv": {
      "version": "8.2.0",
      "resolved": "https://registry.npm.taobao.org/dotenv/download/dotenv-8.2.0.tgz",
      "integrity": "sha1-l+YZJZradQ7qPk6j4mvO6lQksWo="
    },
    "make-error": {
      "version": "1.3.6",
      "resolved": "https://registry.npm.taobao.org/make-error/download/make-error-1.3.6.tgz",
      "integrity": "sha1-LrLjfqm2fEiR9oShOUeZr0hM96I=",
      "dev": true
    },
    "prisma2": {
      "version": "2.0.0-preview025",
      "resolved": "https://registry.npm.taobao.org/prisma2/download/prisma2-2.0.0-preview025.tgz",
      "integrity": "sha1-CbXZeyCUhMGv57C0umS7OTDZZwE=",
      "dev": true
    },
    "source-map": {
      "version": "0.6.1",
      "resolved": "https://registry.npm.taobao.org/source-map/download/source-map-0.6.1.tgz",
      "integrity": "sha1-dHIq8y6WFOnCh6jQu95IteLxomM=",
      "dev": true
    },
    "source-map-support": {
      "version": "0.5.19",
      "resolved": "https://registry.npm.taobao.org/source-map-support/download/source-map-support-0.5.19.tgz?cache=0&other_urls=https%3A%2F%2Fregistry.npm.taobao.org%2Fsource-map-support%2Fdownload%2Fsource-map-support-0.5.19.tgz",
      "integrity": "sha1-qYti+G3K9PZzmWSMCFKRq56P7WE=",
      "dev": true,
      "requires": {
        "buffer-from": "^1.0.0",
        "source-map": "^0.6.0"
      }
    },
    "ts-node": {
      "version": "9.0.0",
      "resolved": "https://registry.npm.taobao.org/ts-node/download/ts-node-9.0.0.tgz?cache=0&sync_timestamp=1599831344051&other_urls=https%3A%2F%2Fregistry.npm.taobao.org%2Fts-node%2Fdownload%2Fts-node-9.0.0.tgz",
      "integrity": "sha1-52mdKhEMyMDTuDFxXkF2iGg0YLM=",
      "dev": true,
      "requires": {
        "arg": "^4.1.0",
        "diff": "^4.0.1",
        "make-error": "^1.1.1",
        "source-map-support": "^0.5.17",
        "yn": "3.1.1"
      }
    },
    "typescript": {
      "version": "4.1.2",
      "resolved": "https://registry.npm.taobao.org/typescript/download/typescript-4.1.2.tgz?cache=0&sync_timestamp=1606461978117&other_urls=https%3A%2F%2Fregistry.npm.taobao.org%2Ftypescript%2Fdownload%2Ftypescript-4.1.2.tgz",
      "integrity": "sha1-Y2nvIlFv5eEDBKrlpcSGLbVTgOk=",
      "dev": true
    },
    "yn": {
      "version": "3.1.1",
      "resolved": "https://registry.npm.taobao.org/yn/download/yn-3.1.1.tgz",
      "integrity": "sha1-HodAGgnXZ8HV6rJqbkwYUYLS61A=",
      "dev": true
    }
  }
}
